
Microsoft Visual Studio Solution File, Format Version 12.00
# Visual Studio Version 17
VisualStudioVersion = 17.2.32630.192
MinimumVisualStudioVersion = 10.0.40219.1
Project("{FAE04EC0-301F-11D3-BF4B-00C04F79EFBC}") = "SyntaxSugar", "SyntaxSugar.csproj", "{D7BEA53F-ACF2-4D47-8F9C-1E04DAE006BA}"
EndProject
Global
	GlobalSection(SolutionConfigurationPlatforms) = preSolution
		Debug|Any CPU = Debug|Any CPU
		Release|Any CPU = Release|Any CPU
	EndGlobalSection
	GlobalSection(ProjectConfigurationPlatforms) = postSolution
		{D7BEA53F-ACF2-4D47-8F9C-1E04DAE006BA}.Debug|Any CPU.ActiveCfg = Debug|Any CPU
		{D7BEA53F-ACF2-4D47-8F9C-1E04DAE006BA}.Debug|Any CPU.Build.0 = Debug|Any CPU
		{D7BEA53F-ACF2-4D47-8F9C-1E04DAE006BA}.Release|Any CPU.ActiveCfg = Release|Any CPU
		{D7BEA53F-ACF2-4D47-8F9C-1E04DAE006BA}.Release|Any CPU.Build.0 = Release|Any CPU
	EndGlobalSection
	GlobalSection(SolutionProperties) = preSolution
		HideSolutionNode = FALSE
	EndGlobalSection
	GlobalSection(ExtensibilityGlobals) = postSolution
		SolutionGuid = {E7DC897F-7EDF-4390-A8B3-145414147A25}
	EndGlobalSection
EndGlobal
